
Microsoft Visual Studio Solution File, Format Version 12.00
# Visual Studio Version 16
VisualStudioVersion = 16.0.30225.117
MinimumVisualStudioVersion = 10.0.40219.1
Project("{FAE04EC0-301F-11D3-BF4B-00C04F79EFBC}") = "Notebook.Forms", "Notebook.Forms\Notebook.Forms.csproj", "{86451249-16DA-4E62-98D2-7F5B42CAE33C}"
EndProject
Project("{FAE04EC0-301F-11D3-BF4B-00C04F79EFBC}") = "Notebook.Core", "Notebook.Core\Notebook.Core.csproj", "{6C8C9439-67D0-4CA6-AE64-92E265163356}"
EndProject
Project("{9A19103F-16F7-4668-BE54-9A1E7A4F7556}") = "Notebook.Common", "Notebook.Common\Notebook.Common.csproj", "{29261431-044D-4DE4-B240-DAEE74032724}"
EndProject
Project("{FAE04EC0-301F-11D3-BF4B-00C04F79EFBC}") = "Notebook.Tests", "Notebook.Tests\Notebook.Tests.csproj", "{D3466620-0B49-4E34-90F6-B4B227FFDE89}"
EndProject
Global
	GlobalSection(SolutionConfigurationPlatforms) = preSolution
		Debug|Any CPU = Debug|Any CPU
		Release|Any CPU = Release|Any CPU
	EndGlobalSection
	GlobalSection(ProjectConfigurationPlatforms) = postSolution
		{86451249-16DA-4E62-98D2-7F5B42CAE33C}.Debug|Any CPU.ActiveCfg = Debug|Any CPU
		{86451249-16DA-4E62-98D2-7F5B42CAE33C}.Debug|Any CPU.Build.0 = Debug|Any CPU
		{86451249-16DA-4E62-98D2-7F5B42CAE33C}.Release|Any CPU.ActiveCfg = Release|Any CPU
		{86451249-16DA-4E62-98D2-7F5B42CAE33C}.Release|Any CPU.Build.0 = Release|Any CPU
		{6C8C9439-67D0-4CA6-AE64-92E265163356}.Debug|Any CPU.ActiveCfg = Debug|Any CPU
		{6C8C9439-67D0-4CA6-AE64-92E265163356}.Debug|Any CPU.Build.0 = Debug|Any CPU
		{6C8C9439-67D0-4CA6-AE64-92E265163356}.Release|Any CPU.ActiveCfg = Release|Any CPU
		{6C8C9439-67D0-4CA6-AE64-92E265163356}.Release|Any CPU.Build.0 = Release|Any CPU
		{29261431-044D-4DE4-B240-DAEE74032724}.Debug|Any CPU.ActiveCfg = Debug|Any CPU
		{29261431-044D-4DE4-B240-DAEE74032724}.Debug|Any CPU.Build.0 = Debug|Any CPU
		{29261431-044D-4DE4-B240-DAEE74032724}.Release|Any CPU.ActiveCfg = Release|Any CPU
		{29261431-044D-4DE4-B240-DAEE74032724}.Release|Any CPU.Build.0 = Release|Any CPU
		{D3466620-0B49-4E34-90F6-B4B227FFDE89}.Debug|Any CPU.ActiveCfg = Debug|Any CPU
		{D3466620-0B49-4E34-90F6-B4B227FFDE89}.Debug|Any CPU.Build.0 = Debug|Any CPU
		{D3466620-0B49-4E34-90F6-B4B227FFDE89}.Release|Any CPU.ActiveCfg = Release|Any CPU
		{D3466620-0B49-4E34-90F6-B4B227FFDE89}.Release|Any CPU.Build.0 = Release|Any CPU
	EndGlobalSection
	GlobalSection(SolutionProperties) = preSolution
		HideSolutionNode = FALSE
	EndGlobalSection
	GlobalSection(ExtensibilityGlobals) = postSolution
		SolutionGuid = {39531B37-43AA-4B7E-9636-66325626F3AC}
	EndGlobalSection
EndGlobal
